
Microsoft Visual Studio Solution File, Format Version 12.00
# Visual Studio Version 17
VisualStudioVersion = 17.5.33414.496
MinimumVisualStudioVersion = 10.0.40219.1
Project("{FAE04EC0-301F-11D3-BF4B-00C04F79EFBC}") = "College", "College\College.csproj", "{8CD01AF0-309E-438B-9F4B-813DDFA758A0}"
EndProject
Global
	GlobalSection(SolutionConfigurationPlatforms) = preSolution
		Debug|Any CPU = Debug|Any CPU
		Release|Any CPU = Release|Any CPU
	EndGlobalSection
	GlobalSection(ProjectConfigurationPlatforms) = postSolution
		{8CD01AF0-309E-438B-9F4B-813DDFA758A0}.Debug|Any CPU.ActiveCfg = Debug|Any CPU
		{8CD01AF0-309E-438B-9F4B-813DDFA758A0}.Debug|Any CPU.Build.0 = Debug|Any CPU
		{8CD01AF0-309E-438B-9F4B-813DDFA758A0}.Release|Any CPU.ActiveCfg = Release|Any CPU
		{8CD01AF0-309E-438B-9F4B-813DDFA758A0}.Release|Any CPU.Build.0 = Release|Any CPU
	EndGlobalSection
	GlobalSection(SolutionProperties) = preSolution
		HideSolutionNode = FALSE
	EndGlobalSection
	GlobalSection(ExtensibilityGlobals) = postSolution
		SolutionGuid = {EEB78FB6-93BA-4778-BC47-D959922E49E3}
	EndGlobalSection
EndGlobal
